
Microsoft Visual Studio Solution File, Format Version 12.00
# Visual Studio Version 16
VisualStudioVersion = 16.0.28917.182
MinimumVisualStudioVersion = 10.0.40219.1
Project("{9A19103F-16F7-4668-BE54-9A1E7A4F7556}") = "Gjallarhorn.Blazor.Server", "Gjallarhorn.Blazor.Server\Gjallarhorn.Blazor.Server.csproj", "{FB248194-7128-4194-AF28-F200B514F652}"
EndProject
Project("{9A19103F-16F7-4668-BE54-9A1E7A4F7556}") = "Gjallarhorn.Blazor.Client", "Gjallarhorn.Blazor.Client\Gjallarhorn.Blazor.Client.csproj", "{31BD39ED-4478-4ADE-A4A1-1A1BE10BAA78}"
EndProject
Project("{9A19103F-16F7-4668-BE54-9A1E7A4F7556}") = "Gjallarhorn.Blazor.Shared", "Gjallarhorn.Blazor.Shared\Gjallarhorn.Blazor.Shared.csproj", "{F6DCE42C-A2D0-46A5-98CA-F48D2A773B2A}"
EndProject
Project("{FAE04EC0-301F-11D3-BF4B-00C04F79EFBC}") = "Gjallarhorn.Blazor.Client.Tests", "Gjallarhorn.Blazor.Client.Tests\Gjallarhorn.Blazor.Client.Tests.csproj", "{6AF7542A-2D7E-4B9B-ACAE-88BDDEF166D8}"
EndProject
Global
	GlobalSection(SolutionConfigurationPlatforms) = preSolution
		Debug|Any CPU = Debug|Any CPU
		Release|Any CPU = Release|Any CPU
	EndGlobalSection
	GlobalSection(ProjectConfigurationPlatforms) = postSolution
		{FB248194-7128-4194-AF28-F200B514F652}.Debug|Any CPU.ActiveCfg = Debug|Any CPU
		{FB248194-7128-4194-AF28-F200B514F652}.Debug|Any CPU.Build.0 = Debug|Any CPU
		{FB248194-7128-4194-AF28-F200B514F652}.Release|Any CPU.ActiveCfg = Release|Any CPU
		{FB248194-7128-4194-AF28-F200B514F652}.Release|Any CPU.Build.0 = Release|Any CPU
		{31BD39ED-4478-4ADE-A4A1-1A1BE10BAA78}.Debug|Any CPU.ActiveCfg = Debug|Any CPU
		{31BD39ED-4478-4ADE-A4A1-1A1BE10BAA78}.Debug|Any CPU.Build.0 = Debug|Any CPU
		{31BD39ED-4478-4ADE-A4A1-1A1BE10BAA78}.Release|Any CPU.ActiveCfg = Release|Any CPU
		{31BD39ED-4478-4ADE-A4A1-1A1BE10BAA78}.Release|Any CPU.Build.0 = Release|Any CPU
		{F6DCE42C-A2D0-46A5-98CA-F48D2A773B2A}.Debug|Any CPU.ActiveCfg = Debug|Any CPU
		{F6DCE42C-A2D0-46A5-98CA-F48D2A773B2A}.Debug|Any CPU.Build.0 = Debug|Any CPU
		{F6DCE42C-A2D0-46A5-98CA-F48D2A773B2A}.Release|Any CPU.ActiveCfg = Release|Any CPU
		{F6DCE42C-A2D0-46A5-98CA-F48D2A773B2A}.Release|Any CPU.Build.0 = Release|Any CPU
		{6AF7542A-2D7E-4B9B-ACAE-88BDDEF166D8}.Debug|Any CPU.ActiveCfg = Debug|Any CPU
		{6AF7542A-2D7E-4B9B-ACAE-88BDDEF166D8}.Debug|Any CPU.Build.0 = Debug|Any CPU
		{6AF7542A-2D7E-4B9B-ACAE-88BDDEF166D8}.Release|Any CPU.ActiveCfg = Release|Any CPU
		{6AF7542A-2D7E-4B9B-ACAE-88BDDEF166D8}.Release|Any CPU.Build.0 = Release|Any CPU
	EndGlobalSection
	GlobalSection(SolutionProperties) = preSolution
		HideSolutionNode = FALSE
	EndGlobalSection
	GlobalSection(ExtensibilityGlobals) = postSolution
		SolutionGuid = {ED7DB105-A438-4DD6-BB48-0C41AA32CA03}
	EndGlobalSection
EndGlobal
