{
  "requires": true,
  "lockfileVersion": 1,
  "dependencies": {
    "monaco-editor": {
      "version": "0.17.0",
      "resolved": "https://registry.npmjs.org/monaco-editor/-/monaco-editor-0.17.0.tgz",
      "integrity": "sha512-8BQQHCFxy3DF0GYFOy5BmcCWlwm/XaTMPbPbN4gwItFGctZErSfX82uQSBpojJSlPNyudB5Q5qnukoorD3/UuA=="
    }
  }
}
