
Microsoft Visual Studio Solution File, Format Version 12.00
# Visual Studio Version 16
VisualStudioVersion = 16.0.28917.182
MinimumVisualStudioVersion = 10.0.40219.1
Project("{9A19103F-16F7-4668-BE54-9A1E7A4F7556}") = "Gjallarhorn.Client", "Gjallarhorn.Client\Gjallarhorn.Client.csproj", "{B2C78B5A-804F-4AAE-99AE-CEE9897700F9}"
EndProject
Project("{9A19103F-16F7-4668-BE54-9A1E7A4F7556}") = "Gjallarhorn.Client.Tests", "Gjallarhorn.Client.Tests\Gjallarhorn.Client.Tests.csproj", "{21539727-90B5-4498-BDAE-FBCE84A58AA6}"
EndProject
Project("{9A19103F-16F7-4668-BE54-9A1E7A4F7556}") = "Gjallarhorn.Server", "Gjallarhorn.Server\Gjallarhorn.Server.csproj", "{C7A70FC4-20C3-43F1-8A1D-82A38772FAEF}"
EndProject
Project("{9A19103F-16F7-4668-BE54-9A1E7A4F7556}") = "Gjallarhorn.Shared", "Gjallarhorn.Shared\Gjallarhorn.Shared.csproj", "{1B419EB0-B199-4F23-B6DE-E03683416549}"
EndProject
Project("{2150E333-8FDC-42A3-9474-1A3956D46DE8}") = "Solution Items", "Solution Items", "{A96D354B-2873-417A-980B-67AF9C515700}"
	ProjectSection(SolutionItems) = preProject
		..\Dockerfile = ..\Dockerfile
		..\README.md = ..\README.md
	EndProjectSection
EndProject
Project("{2150E333-8FDC-42A3-9474-1A3956D46DE8}") = "Clients", "Clients", "{8BD6CFEA-497F-4730-962D-9CD5A3B0943D}"
EndProject
Project("{2150E333-8FDC-42A3-9474-1A3956D46DE8}") = "UWP", "UWP", "{98A5A2FE-01AF-4487-969C-BF269653F7E4}"
EndProject
Project("{FAE04EC0-301F-11D3-BF4B-00C04F79EFBC}") = "Gjallarhorn.Client.UWP", "Clients\UWP\Gjallarhorn.Client.UWP\Gjallarhorn.Client.UWP.csproj", "{A0121071-06F3-4D3A-A35E-386CB6917B0B}"
EndProject
Project("{2150E333-8FDC-42A3-9474-1A3956D46DE8}") = "WPF", "WPF", "{CCF2F9CA-4458-4539-91B9-5A76BE79DA10}"
EndProject
Project("{9A19103F-16F7-4668-BE54-9A1E7A4F7556}") = "Gjallarhorn.Clients.WPF", "Clients\WPF\Gjallarhorn.Clients.WPF\Gjallarhorn.Clients.WPF.csproj", "{0457A33A-C771-4823-8B52-4F6F0ABFFB3F}"
EndProject
Project("{FAE04EC0-301F-11D3-BF4B-00C04F79EFBC}") = "Gjallarhorn.MVVM", "Gjallarhorn.MVVM\Gjallarhorn.MVVM.csproj", "{7B3FC63E-C2E7-4957-8B0B-9527F1A50088}"
EndProject
Global
	GlobalSection(SolutionConfigurationPlatforms) = preSolution
		Debug|Any CPU = Debug|Any CPU
		Debug|ARM = Debug|ARM
		Debug|ARM64 = Debug|ARM64
		Debug|x64 = Debug|x64
		Debug|x86 = Debug|x86
		Release|Any CPU = Release|Any CPU
		Release|ARM = Release|ARM
		Release|ARM64 = Release|ARM64
		Release|x64 = Release|x64
		Release|x86 = Release|x86
	EndGlobalSection
	GlobalSection(ProjectConfigurationPlatforms) = postSolution
		{B2C78B5A-804F-4AAE-99AE-CEE9897700F9}.Debug|Any CPU.ActiveCfg = Debug|Any CPU
		{B2C78B5A-804F-4AAE-99AE-CEE9897700F9}.Debug|Any CPU.Build.0 = Debug|Any CPU
		{B2C78B5A-804F-4AAE-99AE-CEE9897700F9}.Debug|ARM.ActiveCfg = Debug|Any CPU
		{B2C78B5A-804F-4AAE-99AE-CEE9897700F9}.Debug|ARM.Build.0 = Debug|Any CPU
		{B2C78B5A-804F-4AAE-99AE-CEE9897700F9}.Debug|ARM64.ActiveCfg = Debug|Any CPU
		{B2C78B5A-804F-4AAE-99AE-CEE9897700F9}.Debug|ARM64.Build.0 = Debug|Any CPU
		{B2C78B5A-804F-4AAE-99AE-CEE9897700F9}.Debug|x64.ActiveCfg = Debug|Any CPU
		{B2C78B5A-804F-4AAE-99AE-CEE9897700F9}.Debug|x64.Build.0 = Debug|Any CPU
		{B2C78B5A-804F-4AAE-99AE-CEE9897700F9}.Debug|x86.ActiveCfg = Debug|Any CPU
		{B2C78B5A-804F-4AAE-99AE-CEE9897700F9}.Debug|x86.Build.0 = Debug|Any CPU
		{B2C78B5A-804F-4AAE-99AE-CEE9897700F9}.Release|Any CPU.ActiveCfg = Release|Any CPU
		{B2C78B5A-804F-4AAE-99AE-CEE9897700F9}.Release|Any CPU.Build.0 = Release|Any CPU
		{B2C78B5A-804F-4AAE-99AE-CEE9897700F9}.Release|ARM.ActiveCfg = Release|Any CPU
		{B2C78B5A-804F-4AAE-99AE-CEE9897700F9}.Release|ARM.Build.0 = Release|Any CPU
		{B2C78B5A-804F-4AAE-99AE-CEE9897700F9}.Release|ARM64.ActiveCfg = Release|Any CPU
		{B2C78B5A-804F-4AAE-99AE-CEE9897700F9}.Release|ARM64.Build.0 = Release|Any CPU
		{B2C78B5A-804F-4AAE-99AE-CEE9897700F9}.Release|x64.ActiveCfg = Release|Any CPU
		{B2C78B5A-804F-4AAE-99AE-CEE9897700F9}.Release|x64.Build.0 = Release|Any CPU
		{B2C78B5A-804F-4AAE-99AE-CEE9897700F9}.Release|x86.ActiveCfg = Release|Any CPU
		{B2C78B5A-804F-4AAE-99AE-CEE9897700F9}.Release|x86.Build.0 = Release|Any CPU
		{21539727-90B5-4498-BDAE-FBCE84A58AA6}.Debug|Any CPU.ActiveCfg = Debug|Any CPU
		{21539727-90B5-4498-BDAE-FBCE84A58AA6}.Debug|Any CPU.Build.0 = Debug|Any CPU
		{21539727-90B5-4498-BDAE-FBCE84A58AA6}.Debug|ARM.ActiveCfg = Debug|Any CPU
		{21539727-90B5-4498-BDAE-FBCE84A58AA6}.Debug|ARM.Build.0 = Debug|Any CPU
		{21539727-90B5-4498-BDAE-FBCE84A58AA6}.Debug|ARM64.ActiveCfg = Debug|Any CPU
		{21539727-90B5-4498-BDAE-FBCE84A58AA6}.Debug|ARM64.Build.0 = Debug|Any CPU
		{21539727-90B5-4498-BDAE-FBCE84A58AA6}.Debug|x64.ActiveCfg = Debug|Any CPU
		{21539727-90B5-4498-BDAE-FBCE84A58AA6}.Debug|x64.Build.0 = Debug|Any CPU
		{21539727-90B5-4498-BDAE-FBCE84A58AA6}.Debug|x86.ActiveCfg = Debug|Any CPU
		{21539727-90B5-4498-BDAE-FBCE84A58AA6}.Debug|x86.Build.0 = Debug|Any CPU
		{21539727-90B5-4498-BDAE-FBCE84A58AA6}.Release|Any CPU.ActiveCfg = Release|Any CPU
		{21539727-90B5-4498-BDAE-FBCE84A58AA6}.Release|Any CPU.Build.0 = Release|Any CPU
		{21539727-90B5-4498-BDAE-FBCE84A58AA6}.Release|ARM.ActiveCfg = Release|Any CPU
		{21539727-90B5-4498-BDAE-FBCE84A58AA6}.Release|ARM.Build.0 = Release|Any CPU
		{21539727-90B5-4498-BDAE-FBCE84A58AA6}.Release|ARM64.ActiveCfg = Release|Any CPU
		{21539727-90B5-4498-BDAE-FBCE84A58AA6}.Release|ARM64.Build.0 = Release|Any CPU
		{21539727-90B5-4498-BDAE-FBCE84A58AA6}.Release|x64.ActiveCfg = Release|Any CPU
		{21539727-90B5-4498-BDAE-FBCE84A58AA6}.Release|x64.Build.0 = Release|Any CPU
		{21539727-90B5-4498-BDAE-FBCE84A58AA6}.Release|x86.ActiveCfg = Release|Any CPU
		{21539727-90B5-4498-BDAE-FBCE84A58AA6}.Release|x86.Build.0 = Release|Any CPU
		{C7A70FC4-20C3-43F1-8A1D-82A38772FAEF}.Debug|Any CPU.ActiveCfg = Debug|Any CPU
		{C7A70FC4-20C3-43F1-8A1D-82A38772FAEF}.Debug|Any CPU.Build.0 = Debug|Any CPU
		{C7A70FC4-20C3-43F1-8A1D-82A38772FAEF}.Debug|ARM.ActiveCfg = Debug|Any CPU
		{C7A70FC4-20C3-43F1-8A1D-82A38772FAEF}.Debug|ARM.Build.0 = Debug|Any CPU
		{C7A70FC4-20C3-43F1-8A1D-82A38772FAEF}.Debug|ARM64.ActiveCfg = Debug|Any CPU
		{C7A70FC4-20C3-43F1-8A1D-82A38772FAEF}.Debug|ARM64.Build.0 = Debug|Any CPU
		{C7A70FC4-20C3-43F1-8A1D-82A38772FAEF}.Debug|x64.ActiveCfg = Debug|Any CPU
		{C7A70FC4-20C3-43F1-8A1D-82A38772FAEF}.Debug|x64.Build.0 = Debug|Any CPU
		{C7A70FC4-20C3-43F1-8A1D-82A38772FAEF}.Debug|x86.ActiveCfg = Debug|Any CPU
		{C7A70FC4-20C3-43F1-8A1D-82A38772FAEF}.Debug|x86.Build.0 = Debug|Any CPU
		{C7A70FC4-20C3-43F1-8A1D-82A38772FAEF}.Release|Any CPU.ActiveCfg = Release|Any CPU
		{C7A70FC4-20C3-43F1-8A1D-82A38772FAEF}.Release|Any CPU.Build.0 = Release|Any CPU
		{C7A70FC4-20C3-43F1-8A1D-82A38772FAEF}.Release|ARM.ActiveCfg = Release|Any CPU
		{C7A70FC4-20C3-43F1-8A1D-82A38772FAEF}.Release|ARM.Build.0 = Release|Any CPU
		{C7A70FC4-20C3-43F1-8A1D-82A38772FAEF}.Release|ARM64.ActiveCfg = Release|Any CPU
		{C7A70FC4-20C3-43F1-8A1D-82A38772FAEF}.Release|ARM64.Build.0 = Release|Any CPU
		{C7A70FC4-20C3-43F1-8A1D-82A38772FAEF}.Release|x64.ActiveCfg = Release|Any CPU
		{C7A70FC4-20C3-43F1-8A1D-82A38772FAEF}.Release|x64.Build.0 = Release|Any CPU
		{C7A70FC4-20C3-43F1-8A1D-82A38772FAEF}.Release|x86.ActiveCfg = Release|Any CPU
		{C7A70FC4-20C3-43F1-8A1D-82A38772FAEF}.Release|x86.Build.0 = Release|Any CPU
		{1B419EB0-B199-4F23-B6DE-E03683416549}.Debug|Any CPU.ActiveCfg = Debug|Any CPU
		{1B419EB0-B199-4F23-B6DE-E03683416549}.Debug|Any CPU.Build.0 = Debug|Any CPU
		{1B419EB0-B199-4F23-B6DE-E03683416549}.Debug|ARM.ActiveCfg = Debug|Any CPU
		{1B419EB0-B199-4F23-B6DE-E03683416549}.Debug|ARM.Build.0 = Debug|Any CPU
		{1B419EB0-B199-4F23-B6DE-E03683416549}.Debug|ARM64.ActiveCfg = Debug|Any CPU
		{1B419EB0-B199-4F23-B6DE-E03683416549}.Debug|ARM64.Build.0 = Debug|Any CPU
		{1B419EB0-B199-4F23-B6DE-E03683416549}.Debug|x64.ActiveCfg = Debug|Any CPU
		{1B419EB0-B199-4F23-B6DE-E03683416549}.Debug|x64.Build.0 = Debug|Any CPU
		{1B419EB0-B199-4F23-B6DE-E03683416549}.Debug|x86.ActiveCfg = Debug|Any CPU
		{1B419EB0-B199-4F23-B6DE-E03683416549}.Debug|x86.Build.0 = Debug|Any CPU
		{1B419EB0-B199-4F23-B6DE-E03683416549}.Release|Any CPU.ActiveCfg = Release|Any CPU
		{1B419EB0-B199-4F23-B6DE-E03683416549}.Release|Any CPU.Build.0 = Release|Any CPU
		{1B419EB0-B199-4F23-B6DE-E03683416549}.Release|ARM.ActiveCfg = Release|Any CPU
		{1B419EB0-B199-4F23-B6DE-E03683416549}.Release|ARM.Build.0 = Release|Any CPU
		{1B419EB0-B199-4F23-B6DE-E03683416549}.Release|ARM64.ActiveCfg = Release|Any CPU
		{1B419EB0-B199-4F23-B6DE-E03683416549}.Release|ARM64.Build.0 = Release|Any CPU
		{1B419EB0-B199-4F23-B6DE-E03683416549}.Release|x64.ActiveCfg = Release|Any CPU
		{1B419EB0-B199-4F23-B6DE-E03683416549}.Release|x64.Build.0 = Release|Any CPU
		{1B419EB0-B199-4F23-B6DE-E03683416549}.Release|x86.ActiveCfg = Release|Any CPU
		{1B419EB0-B199-4F23-B6DE-E03683416549}.Release|x86.Build.0 = Release|Any CPU
		{A0121071-06F3-4D3A-A35E-386CB6917B0B}.Debug|Any CPU.ActiveCfg = Debug|x86
		{A0121071-06F3-4D3A-A35E-386CB6917B0B}.Debug|Any CPU.Build.0 = Debug|x86
		{A0121071-06F3-4D3A-A35E-386CB6917B0B}.Debug|Any CPU.Deploy.0 = Debug|x86
		{A0121071-06F3-4D3A-A35E-386CB6917B0B}.Debug|ARM.ActiveCfg = Debug|ARM
		{A0121071-06F3-4D3A-A35E-386CB6917B0B}.Debug|ARM.Build.0 = Debug|ARM
		{A0121071-06F3-4D3A-A35E-386CB6917B0B}.Debug|ARM.Deploy.0 = Debug|ARM
		{A0121071-06F3-4D3A-A35E-386CB6917B0B}.Debug|ARM64.ActiveCfg = Debug|ARM64
		{A0121071-06F3-4D3A-A35E-386CB6917B0B}.Debug|ARM64.Build.0 = Debug|ARM64
		{A0121071-06F3-4D3A-A35E-386CB6917B0B}.Debug|ARM64.Deploy.0 = Debug|ARM64
		{A0121071-06F3-4D3A-A35E-386CB6917B0B}.Debug|x64.ActiveCfg = Debug|x64
		{A0121071-06F3-4D3A-A35E-386CB6917B0B}.Debug|x64.Build.0 = Debug|x64
		{A0121071-06F3-4D3A-A35E-386CB6917B0B}.Debug|x64.Deploy.0 = Debug|x64
		{A0121071-06F3-4D3A-A35E-386CB6917B0B}.Debug|x86.ActiveCfg = Debug|x86
		{A0121071-06F3-4D3A-A35E-386CB6917B0B}.Debug|x86.Build.0 = Debug|x86
		{A0121071-06F3-4D3A-A35E-386CB6917B0B}.Debug|x86.Deploy.0 = Debug|x86
		{A0121071-06F3-4D3A-A35E-386CB6917B0B}.Release|Any CPU.ActiveCfg = Release|x86
		{A0121071-06F3-4D3A-A35E-386CB6917B0B}.Release|ARM.ActiveCfg = Release|ARM
		{A0121071-06F3-4D3A-A35E-386CB6917B0B}.Release|ARM.Build.0 = Release|ARM
		{A0121071-06F3-4D3A-A35E-386CB6917B0B}.Release|ARM.Deploy.0 = Release|ARM
		{A0121071-06F3-4D3A-A35E-386CB6917B0B}.Release|ARM64.ActiveCfg = Release|ARM64
		{A0121071-06F3-4D3A-A35E-386CB6917B0B}.Release|ARM64.Build.0 = Release|ARM64
		{A0121071-06F3-4D3A-A35E-386CB6917B0B}.Release|ARM64.Deploy.0 = Release|ARM64
		{A0121071-06F3-4D3A-A35E-386CB6917B0B}.Release|x64.ActiveCfg = Release|x64
		{A0121071-06F3-4D3A-A35E-386CB6917B0B}.Release|x64.Build.0 = Release|x64
		{A0121071-06F3-4D3A-A35E-386CB6917B0B}.Release|x64.Deploy.0 = Release|x64
		{A0121071-06F3-4D3A-A35E-386CB6917B0B}.Release|x86.ActiveCfg = Release|x86
		{A0121071-06F3-4D3A-A35E-386CB6917B0B}.Release|x86.Build.0 = Release|x86
		{A0121071-06F3-4D3A-A35E-386CB6917B0B}.Release|x86.Deploy.0 = Release|x86
		{0457A33A-C771-4823-8B52-4F6F0ABFFB3F}.Debug|Any CPU.ActiveCfg = Debug|Any CPU
		{0457A33A-C771-4823-8B52-4F6F0ABFFB3F}.Debug|Any CPU.Build.0 = Debug|Any CPU
		{0457A33A-C771-4823-8B52-4F6F0ABFFB3F}.Debug|ARM.ActiveCfg = Debug|Any CPU
		{0457A33A-C771-4823-8B52-4F6F0ABFFB3F}.Debug|ARM.Build.0 = Debug|Any CPU
		{0457A33A-C771-4823-8B52-4F6F0ABFFB3F}.Debug|ARM64.ActiveCfg = Debug|Any CPU
		{0457A33A-C771-4823-8B52-4F6F0ABFFB3F}.Debug|ARM64.Build.0 = Debug|Any CPU
		{0457A33A-C771-4823-8B52-4F6F0ABFFB3F}.Debug|x64.ActiveCfg = Debug|Any CPU
		{0457A33A-C771-4823-8B52-4F6F0ABFFB3F}.Debug|x64.Build.0 = Debug|Any CPU
		{0457A33A-C771-4823-8B52-4F6F0ABFFB3F}.Debug|x86.ActiveCfg = Debug|Any CPU
		{0457A33A-C771-4823-8B52-4F6F0ABFFB3F}.Debug|x86.Build.0 = Debug|Any CPU
		{0457A33A-C771-4823-8B52-4F6F0ABFFB3F}.Release|Any CPU.ActiveCfg = Release|Any CPU
		{0457A33A-C771-4823-8B52-4F6F0ABFFB3F}.Release|Any CPU.Build.0 = Release|Any CPU
		{0457A33A-C771-4823-8B52-4F6F0ABFFB3F}.Release|ARM.ActiveCfg = Release|Any CPU
		{0457A33A-C771-4823-8B52-4F6F0ABFFB3F}.Release|ARM.Build.0 = Release|Any CPU
		{0457A33A-C771-4823-8B52-4F6F0ABFFB3F}.Release|ARM64.ActiveCfg = Release|Any CPU
		{0457A33A-C771-4823-8B52-4F6F0ABFFB3F}.Release|ARM64.Build.0 = Release|Any CPU
		{0457A33A-C771-4823-8B52-4F6F0ABFFB3F}.Release|x64.ActiveCfg = Release|Any CPU
		{0457A33A-C771-4823-8B52-4F6F0ABFFB3F}.Release|x64.Build.0 = Release|Any CPU
		{0457A33A-C771-4823-8B52-4F6F0ABFFB3F}.Release|x86.ActiveCfg = Release|Any CPU
		{0457A33A-C771-4823-8B52-4F6F0ABFFB3F}.Release|x86.Build.0 = Release|Any CPU
		{7B3FC63E-C2E7-4957-8B0B-9527F1A50088}.Debug|Any CPU.ActiveCfg = Debug|Any CPU
		{7B3FC63E-C2E7-4957-8B0B-9527F1A50088}.Debug|Any CPU.Build.0 = Debug|Any CPU
		{7B3FC63E-C2E7-4957-8B0B-9527F1A50088}.Debug|ARM.ActiveCfg = Debug|Any CPU
		{7B3FC63E-C2E7-4957-8B0B-9527F1A50088}.Debug|ARM.Build.0 = Debug|Any CPU
		{7B3FC63E-C2E7-4957-8B0B-9527F1A50088}.Debug|ARM64.ActiveCfg = Debug|Any CPU
		{7B3FC63E-C2E7-4957-8B0B-9527F1A50088}.Debug|ARM64.Build.0 = Debug|Any CPU
		{7B3FC63E-C2E7-4957-8B0B-9527F1A50088}.Debug|x64.ActiveCfg = Debug|Any CPU
		{7B3FC63E-C2E7-4957-8B0B-9527F1A50088}.Debug|x64.Build.0 = Debug|Any CPU
		{7B3FC63E-C2E7-4957-8B0B-9527F1A50088}.Debug|x86.ActiveCfg = Debug|Any CPU
		{7B3FC63E-C2E7-4957-8B0B-9527F1A50088}.Debug|x86.Build.0 = Debug|Any CPU
		{7B3FC63E-C2E7-4957-8B0B-9527F1A50088}.Release|Any CPU.ActiveCfg = Release|Any CPU
		{7B3FC63E-C2E7-4957-8B0B-9527F1A50088}.Release|Any CPU.Build.0 = Release|Any CPU
		{7B3FC63E-C2E7-4957-8B0B-9527F1A50088}.Release|ARM.ActiveCfg = Release|Any CPU
		{7B3FC63E-C2E7-4957-8B0B-9527F1A50088}.Release|ARM.Build.0 = Release|Any CPU
		{7B3FC63E-C2E7-4957-8B0B-9527F1A50088}.Release|ARM64.ActiveCfg = Release|Any CPU
		{7B3FC63E-C2E7-4957-8B0B-9527F1A50088}.Release|ARM64.Build.0 = Release|Any CPU
		{7B3FC63E-C2E7-4957-8B0B-9527F1A50088}.Release|x64.ActiveCfg = Release|Any CPU
		{7B3FC63E-C2E7-4957-8B0B-9527F1A50088}.Release|x64.Build.0 = Release|Any CPU
		{7B3FC63E-C2E7-4957-8B0B-9527F1A50088}.Release|x86.ActiveCfg = Release|Any CPU
		{7B3FC63E-C2E7-4957-8B0B-9527F1A50088}.Release|x86.Build.0 = Release|Any CPU
	EndGlobalSection
	GlobalSection(SolutionProperties) = preSolution
		HideSolutionNode = FALSE
	EndGlobalSection
	GlobalSection(NestedProjects) = preSolution
		{98A5A2FE-01AF-4487-969C-BF269653F7E4} = {8BD6CFEA-497F-4730-962D-9CD5A3B0943D}
		{A0121071-06F3-4D3A-A35E-386CB6917B0B} = {98A5A2FE-01AF-4487-969C-BF269653F7E4}
		{CCF2F9CA-4458-4539-91B9-5A76BE79DA10} = {8BD6CFEA-497F-4730-962D-9CD5A3B0943D}
		{0457A33A-C771-4823-8B52-4F6F0ABFFB3F} = {CCF2F9CA-4458-4539-91B9-5A76BE79DA10}
		{7B3FC63E-C2E7-4957-8B0B-9527F1A50088} = {8BD6CFEA-497F-4730-962D-9CD5A3B0943D}
	EndGlobalSection
	GlobalSection(ExtensibilityGlobals) = postSolution
		SolutionGuid = {ED7DB105-A438-4DD6-BB48-0C41AA32CA03}
	EndGlobalSection
EndGlobal
